{
  "name": "pet_overload",
  "lockfileVersion": 3,
  "requires": true,
  "packages": {
    "": {
      "devDependencies": {
        "@types/html-to-draftjs": "^1.5.0",
        "@types/react-draft-wysiwyg": "^1.13.8"
      }
    },
    "node_modules/@types/draft-js": {
      "version": "0.11.18",
      "resolved": "https://registry.npmjs.org/@types/draft-js/-/draft-js-0.11.18.tgz",
      "integrity": "sha512-lP6yJ+EKv5tcG1dflWgDKeezdwBa8wJ7KkiNrrHqXuXhl/VGes1SKjEfKHDZqOz19KQbrAhFvNhDPWwnQXYZGQ==",
      "dev": true,
      "dependencies": {
        "@types/react": "*",
        "immutable": "~3.7.4"
      }
    },
    "node_modules/@types/html-to-draftjs": {
      "version": "1.5.0",
      "resolved": "https://registry.npmjs.org/@types/html-to-draftjs/-/html-to-draftjs-1.5.0.tgz",
      "integrity": "sha512-6t0ZAkSR4n822+XD7PCtf7kPcG9GmqJzC3sm38xU0TbozbCCjculgp9wfMgyWR1q8VuEO+3rCf7iLFU7vslkPQ==",
      "dev": true,
      "dependencies": {
        "@types/draft-js": "*"
      }
    },
    "node_modules/@types/react": {
      "version": "19.1.2",
      "resolved": "https://registry.npmjs.org/@types/react/-/react-19.1.2.tgz",
      "integrity": "sha512-oxLPMytKchWGbnQM9O7D67uPa9paTNxO7jVoNMXgkkErULBPhPARCfkKL9ytcIJJRGjbsVwW4ugJzyFFvm/Tiw==",
      "dev": true,
      "dependencies": {
        "csstype": "^3.0.2"
      }
    },
    "node_modules/@types/react-draft-wysiwyg": {
      "version": "1.13.8",
      "resolved": "https://registry.npmjs.org/@types/react-draft-wysiwyg/-/react-draft-wysiwyg-1.13.8.tgz",
      "integrity": "sha512-qo0vIHjqAYq3Hz93Td3ecNodgVjKsvrWkBJ6mZXJSUmQzrQ5Fu7NS9oV5PXnVbnuqPoJLALbCSiz8UCksLribg==",
      "dev": true,
      "dependencies": {
        "@types/draft-js": "*",
        "@types/react": "*"
      }
    },
    "node_modules/csstype": {
      "version": "3.1.3",
      "resolved": "https://registry.npmjs.org/csstype/-/csstype-3.1.3.tgz",
      "integrity": "sha512-M1uQkMl8rQK/szD0LNhtqxIPLpimGm8sOBwU7lLnCpSbTyY3yeU1Vc7l4KT5zT4s/yOxHH5O7tIuuLOCnLADRw==",
      "dev": true
    },
    "node_modules/immutable": {
      "version": "3.7.6",
      "resolved": "https://registry.npmjs.org/immutable/-/immutable-3.7.6.tgz",
      "integrity": "sha512-AizQPcaofEtO11RZhPPHBOJRdo/20MKQF9mBLnVkBoyHi1/zXK8fzVdnEpSV9gxqtnh6Qomfp3F0xT5qP/vThw==",
      "dev": true,
      "engines": {
        "node": ">=0.8.0"
      }
    }
  }
}
