{
  "name": "pet-overload",
  "lockfileVersion": 2,
  "requires": true,
  "packages": {
    "": {
      "dependencies": {
        "draftjs-to-markdown": "^0.6.0"
      }
    },
    "node_modules/draftjs-to-markdown": {
      "version": "0.6.0",
      "resolved": "https://registry.npmjs.org/draftjs-to-markdown/-/draftjs-to-markdown-0.6.0.tgz",
      "integrity": "sha512-nmze89CrGOQCzPLd16i2hYpmVyQhZnZuIuuLK7SCuGCRCYTPSnf6PE2f9ONcvjT357G+yEdEQh3K3Ry5cNVMcQ=="
    }
  },
  "dependencies": {
    "draftjs-to-markdown": {
      "version": "0.6.0",
      "resolved": "https://registry.npmjs.org/draftjs-to-markdown/-/draftjs-to-markdown-0.6.0.tgz",
      "integrity": "sha512-nmze89CrGOQCzPLd16i2hYpmVyQhZnZuIuuLK7SCuGCRCYTPSnf6PE2f9ONcvjT357G+yEdEQh3K3Ry5cNVMcQ=="
    }
  }
}
